
Microsoft Visual Studio Solution File, Format Version 12.00
# Visual Studio Version 17
VisualStudioVersion = 17.8.34330.188
MinimumVisualStudioVersion = 10.0.40219.1
Project("{FAE04EC0-301F-11D3-BF4B-00C04F79EFBC}") = "Task1", "Task1\Task1.csproj", "{ACCAA72E-589D-4797-A0CB-B97C0F7BA28D}"
EndProject
Global
	GlobalSection(SolutionConfigurationPlatforms) = preSolution
		Debug|Any CPU = Debug|Any CPU
		Release|Any CPU = Release|Any CPU
	EndGlobalSection
	GlobalSection(ProjectConfigurationPlatforms) = postSolution
		{ACCAA72E-589D-4797-A0CB-B97C0F7BA28D}.Debug|Any CPU.ActiveCfg = Debug|Any CPU
		{ACCAA72E-589D-4797-A0CB-B97C0F7BA28D}.Debug|Any CPU.Build.0 = Debug|Any CPU
		{ACCAA72E-589D-4797-A0CB-B97C0F7BA28D}.Release|Any CPU.ActiveCfg = Release|Any CPU
		{ACCAA72E-589D-4797-A0CB-B97C0F7BA28D}.Release|Any CPU.Build.0 = Release|Any CPU
	EndGlobalSection
	GlobalSection(SolutionProperties) = preSolution
		HideSolutionNode = FALSE
	EndGlobalSection
	GlobalSection(ExtensibilityGlobals) = postSolution
		SolutionGuid = {C4FEDD99-6A8F-4DE8-BAB6-D9026CF0B027}
	EndGlobalSection
EndGlobal
