
Microsoft Visual Studio Solution File, Format Version 12.00
# Visual Studio Version 17
VisualStudioVersion = 17.8.34330.188
MinimumVisualStudioVersion = 10.0.40219.1
Project("{FAE04EC0-301F-11D3-BF4B-00C04F79EFBC}") = "Task1", "Task1\Task1.csproj", "{3C9B4578-D958-454F-AAE7-E3252FF105E1}"
EndProject
Project("{FAE04EC0-301F-11D3-BF4B-00C04F79EFBC}") = "Task2", "Task2\Task2.csproj", "{7E1EC4A9-FF0F-49D6-8E7F-86B4F981931A}"
EndProject
Global
	GlobalSection(SolutionConfigurationPlatforms) = preSolution
		Debug|Any CPU = Debug|Any CPU
		Release|Any CPU = Release|Any CPU
	EndGlobalSection
	GlobalSection(ProjectConfigurationPlatforms) = postSolution
		{3C9B4578-D958-454F-AAE7-E3252FF105E1}.Debug|Any CPU.ActiveCfg = Debug|Any CPU
		{3C9B4578-D958-454F-AAE7-E3252FF105E1}.Debug|Any CPU.Build.0 = Debug|Any CPU
		{3C9B4578-D958-454F-AAE7-E3252FF105E1}.Release|Any CPU.ActiveCfg = Release|Any CPU
		{3C9B4578-D958-454F-AAE7-E3252FF105E1}.Release|Any CPU.Build.0 = Release|Any CPU
		{7E1EC4A9-FF0F-49D6-8E7F-86B4F981931A}.Debug|Any CPU.ActiveCfg = Debug|Any CPU
		{7E1EC4A9-FF0F-49D6-8E7F-86B4F981931A}.Debug|Any CPU.Build.0 = Debug|Any CPU
		{7E1EC4A9-FF0F-49D6-8E7F-86B4F981931A}.Release|Any CPU.ActiveCfg = Release|Any CPU
		{7E1EC4A9-FF0F-49D6-8E7F-86B4F981931A}.Release|Any CPU.Build.0 = Release|Any CPU
	EndGlobalSection
	GlobalSection(SolutionProperties) = preSolution
		HideSolutionNode = FALSE
	EndGlobalSection
	GlobalSection(ExtensibilityGlobals) = postSolution
		SolutionGuid = {577D1845-23E7-4633-81A9-A1242EA0B05D}
	EndGlobalSection
EndGlobal
