
Microsoft Visual Studio Solution File, Format Version 12.00
# Visual Studio Version 17
VisualStudioVersion = 17.7.34202.233
MinimumVisualStudioVersion = 10.0.40219.1
Project("{FAE04EC0-301F-11D3-BF4B-00C04F79EFBC}") = "Task1", "Task1\Task1.csproj", "{05C879AE-B0A7-4A42-98D7-7CBDBDBF8327}"
EndProject
Global
	GlobalSection(SolutionConfigurationPlatforms) = preSolution
		Debug|Any CPU = Debug|Any CPU
		Release|Any CPU = Release|Any CPU
	EndGlobalSection
	GlobalSection(ProjectConfigurationPlatforms) = postSolution
		{05C879AE-B0A7-4A42-98D7-7CBDBDBF8327}.Debug|Any CPU.ActiveCfg = Debug|Any CPU
		{05C879AE-B0A7-4A42-98D7-7CBDBDBF8327}.Debug|Any CPU.Build.0 = Debug|Any CPU
		{05C879AE-B0A7-4A42-98D7-7CBDBDBF8327}.Release|Any CPU.ActiveCfg = Release|Any CPU
		{05C879AE-B0A7-4A42-98D7-7CBDBDBF8327}.Release|Any CPU.Build.0 = Release|Any CPU
	EndGlobalSection
	GlobalSection(SolutionProperties) = preSolution
		HideSolutionNode = FALSE
	EndGlobalSection
	GlobalSection(ExtensibilityGlobals) = postSolution
		SolutionGuid = {732827EF-6B39-4FE4-90E5-57C95D43105A}
	EndGlobalSection
EndGlobal
