
Microsoft Visual Studio Solution File, Format Version 12.00
# Visual Studio Version 17
VisualStudioVersion = 17.7.34202.233
MinimumVisualStudioVersion = 10.0.40219.1
Project("{FAE04EC0-301F-11D3-BF4B-00C04F79EFBC}") = "Task1", "Task1\Task1.csproj", "{D3F14903-A869-46F3-8B11-9E6E95B48A25}"
EndProject
Project("{FAE04EC0-301F-11D3-BF4B-00C04F79EFBC}") = "Task2", "Task2\Task2.csproj", "{BB10B449-4B27-4103-99D0-AFC144094048}"
EndProject
Global
	GlobalSection(SolutionConfigurationPlatforms) = preSolution
		Debug|Any CPU = Debug|Any CPU
		Release|Any CPU = Release|Any CPU
	EndGlobalSection
	GlobalSection(ProjectConfigurationPlatforms) = postSolution
		{D3F14903-A869-46F3-8B11-9E6E95B48A25}.Debug|Any CPU.ActiveCfg = Debug|Any CPU
		{D3F14903-A869-46F3-8B11-9E6E95B48A25}.Debug|Any CPU.Build.0 = Debug|Any CPU
		{D3F14903-A869-46F3-8B11-9E6E95B48A25}.Release|Any CPU.ActiveCfg = Release|Any CPU
		{D3F14903-A869-46F3-8B11-9E6E95B48A25}.Release|Any CPU.Build.0 = Release|Any CPU
		{BB10B449-4B27-4103-99D0-AFC144094048}.Debug|Any CPU.ActiveCfg = Debug|Any CPU
		{BB10B449-4B27-4103-99D0-AFC144094048}.Debug|Any CPU.Build.0 = Debug|Any CPU
		{BB10B449-4B27-4103-99D0-AFC144094048}.Release|Any CPU.ActiveCfg = Release|Any CPU
		{BB10B449-4B27-4103-99D0-AFC144094048}.Release|Any CPU.Build.0 = Release|Any CPU
	EndGlobalSection
	GlobalSection(SolutionProperties) = preSolution
		HideSolutionNode = FALSE
	EndGlobalSection
	GlobalSection(ExtensibilityGlobals) = postSolution
		SolutionGuid = {AF583D79-42A7-44FD-8F83-FB03B11696D5}
	EndGlobalSection
EndGlobal
