
Microsoft Visual Studio Solution File, Format Version 12.00
# Visual Studio Version 17
VisualStudioVersion = 17.7.34202.233
MinimumVisualStudioVersion = 10.0.40219.1
Project("{FAE04EC0-301F-11D3-BF4B-00C04F79EFBC}") = "Task1", "Task1\Task1.csproj", "{8E29B654-1A71-41C7-8C40-AF1A750E9D03}"
EndProject
Project("{FAE04EC0-301F-11D3-BF4B-00C04F79EFBC}") = "Task2", "Task2\Task2.csproj", "{9669BA24-07C4-4755-8E91-1E4ACCD9247E}"
EndProject
Global
	GlobalSection(SolutionConfigurationPlatforms) = preSolution
		Debug|Any CPU = Debug|Any CPU
		Release|Any CPU = Release|Any CPU
	EndGlobalSection
	GlobalSection(ProjectConfigurationPlatforms) = postSolution
		{8E29B654-1A71-41C7-8C40-AF1A750E9D03}.Debug|Any CPU.ActiveCfg = Debug|Any CPU
		{8E29B654-1A71-41C7-8C40-AF1A750E9D03}.Debug|Any CPU.Build.0 = Debug|Any CPU
		{8E29B654-1A71-41C7-8C40-AF1A750E9D03}.Release|Any CPU.ActiveCfg = Release|Any CPU
		{8E29B654-1A71-41C7-8C40-AF1A750E9D03}.Release|Any CPU.Build.0 = Release|Any CPU
		{9669BA24-07C4-4755-8E91-1E4ACCD9247E}.Debug|Any CPU.ActiveCfg = Debug|Any CPU
		{9669BA24-07C4-4755-8E91-1E4ACCD9247E}.Debug|Any CPU.Build.0 = Debug|Any CPU
		{9669BA24-07C4-4755-8E91-1E4ACCD9247E}.Release|Any CPU.ActiveCfg = Release|Any CPU
		{9669BA24-07C4-4755-8E91-1E4ACCD9247E}.Release|Any CPU.Build.0 = Release|Any CPU
	EndGlobalSection
	GlobalSection(SolutionProperties) = preSolution
		HideSolutionNode = FALSE
	EndGlobalSection
	GlobalSection(ExtensibilityGlobals) = postSolution
		SolutionGuid = {D8456D80-32C0-4069-ABE1-AA7B37356129}
	EndGlobalSection
EndGlobal
